
Microsoft Visual Studio Solution File, Format Version 12.00
# Visual Studio Version 17
VisualStudioVersion = 17.8.34330.188
MinimumVisualStudioVersion = 10.0.40219.1
Project("{FAE04EC0-301F-11D3-BF4B-00C04F79EFBC}") = "RealState", "RealState\RealState.csproj", "{884FB2AE-4AD4-47AF-8E10-BA2F3DD7167B}"
EndProject
Global
	GlobalSection(SolutionConfigurationPlatforms) = preSolution
		Debug|Any CPU = Debug|Any CPU
		Release|Any CPU = Release|Any CPU
	EndGlobalSection
	GlobalSection(ProjectConfigurationPlatforms) = postSolution
		{884FB2AE-4AD4-47AF-8E10-BA2F3DD7167B}.Debug|Any CPU.ActiveCfg = Debug|Any CPU
		{884FB2AE-4AD4-47AF-8E10-BA2F3DD7167B}.Debug|Any CPU.Build.0 = Debug|Any CPU
		{884FB2AE-4AD4-47AF-8E10-BA2F3DD7167B}.Release|Any CPU.ActiveCfg = Release|Any CPU
		{884FB2AE-4AD4-47AF-8E10-BA2F3DD7167B}.Release|Any CPU.Build.0 = Release|Any CPU
	EndGlobalSection
	GlobalSection(SolutionProperties) = preSolution
		HideSolutionNode = FALSE
	EndGlobalSection
	GlobalSection(ExtensibilityGlobals) = postSolution
		SolutionGuid = {AFDF1115-76A7-4F81-8F6D-2768D2339F92}
	EndGlobalSection
EndGlobal
